
Microsoft Visual Studio Solution File, Format Version 12.00
# Visual Studio 15
VisualStudioVersion = 15.0.28307.572
MinimumVisualStudioVersion = 10.0.40219.1
Project("{FAE04EC0-301F-11D3-BF4B-00C04F79EFBC}") = "RandomNumberGenerator", "RandomNumberGenerator.csproj", "{FEAABA49-10D7-40DD-99F1-E4A721E456AA}"
EndProject
Global
	GlobalSection(SolutionConfigurationPlatforms) = preSolution
		Debug|Any CPU = Debug|Any CPU
		Release|Any CPU = Release|Any CPU
	EndGlobalSection
	GlobalSection(ProjectConfigurationPlatforms) = postSolution
		{FEAABA49-10D7-40DD-99F1-E4A721E456AA}.Debug|Any CPU.ActiveCfg = Debug|Any CPU
		{FEAABA49-10D7-40DD-99F1-E4A721E456AA}.Debug|Any CPU.Build.0 = Debug|Any CPU
		{FEAABA49-10D7-40DD-99F1-E4A721E456AA}.Release|Any CPU.ActiveCfg = Release|Any CPU
		{FEAABA49-10D7-40DD-99F1-E4A721E456AA}.Release|Any CPU.Build.0 = Release|Any CPU
	EndGlobalSection
	GlobalSection(SolutionProperties) = preSolution
		HideSolutionNode = FALSE
	EndGlobalSection
	GlobalSection(ExtensibilityGlobals) = postSolution
		SolutionGuid = {FEBE7AC0-2F02-4CF7-A76A-3AD7984016C7}
	EndGlobalSection
EndGlobal
